
Microsoft Visual Studio Solution File, Format Version 12.00
# Visual Studio Version 16
VisualStudioVersion = 16.0.28803.352
MinimumVisualStudioVersion = 10.0.40219.1
Project("{FAE04EC0-301F-11D3-BF4B-00C04F79EFBC}") = "OdeToLearn", "OdeToLearn\OdeToLearn.csproj", "{424BE5C7-C422-4834-B94C-B6B38AD1AD67}"
EndProject
Project("{FAE04EC0-301F-11D3-BF4B-00C04F79EFBC}") = "OdeToLearn.Tests", "OdeToLearn.Tests\OdeToLearn.Tests.csproj", "{89AFD829-6639-4DFF-8E21-05EC7FDAB072}"
EndProject
Global
	GlobalSection(SolutionConfigurationPlatforms) = preSolution
		Debug|Any CPU = Debug|Any CPU
		Release|Any CPU = Release|Any CPU
	EndGlobalSection
	GlobalSection(ProjectConfigurationPlatforms) = postSolution
		{424BE5C7-C422-4834-B94C-B6B38AD1AD67}.Debug|Any CPU.ActiveCfg = Debug|Any CPU
		{424BE5C7-C422-4834-B94C-B6B38AD1AD67}.Debug|Any CPU.Build.0 = Debug|Any CPU
		{424BE5C7-C422-4834-B94C-B6B38AD1AD67}.Release|Any CPU.ActiveCfg = Release|Any CPU
		{424BE5C7-C422-4834-B94C-B6B38AD1AD67}.Release|Any CPU.Build.0 = Release|Any CPU
		{89AFD829-6639-4DFF-8E21-05EC7FDAB072}.Debug|Any CPU.ActiveCfg = Debug|Any CPU
		{89AFD829-6639-4DFF-8E21-05EC7FDAB072}.Debug|Any CPU.Build.0 = Debug|Any CPU
		{89AFD829-6639-4DFF-8E21-05EC7FDAB072}.Release|Any CPU.ActiveCfg = Release|Any CPU
		{89AFD829-6639-4DFF-8E21-05EC7FDAB072}.Release|Any CPU.Build.0 = Release|Any CPU
	EndGlobalSection
	GlobalSection(SolutionProperties) = preSolution
		HideSolutionNode = FALSE
	EndGlobalSection
	GlobalSection(ExtensibilityGlobals) = postSolution
		SolutionGuid = {F7D8CEEB-C216-4EFC-B12B-23C6B955259A}
	EndGlobalSection
EndGlobal
